
Microsoft Visual Studio Solution File, Format Version 12.00
# Visual Studio Version 16
VisualStudioVersion = 16.0.30621.155
MinimumVisualStudioVersion = 10.0.40219.1
Project("{FAE04EC0-301F-11D3-BF4B-00C04F79EFBC}") = "WpfApp1", "WpfApp1.csproj", "{ECFF2934-2FC8-4F8B-AFA6-5E07614B33E9}"
EndProject
Global
	GlobalSection(SolutionConfigurationPlatforms) = preSolution
		Debug|Any CPU = Debug|Any CPU
		Release|Any CPU = Release|Any CPU
	EndGlobalSection
	GlobalSection(ProjectConfigurationPlatforms) = postSolution
		{ECFF2934-2FC8-4F8B-AFA6-5E07614B33E9}.Debug|Any CPU.ActiveCfg = Debug|Any CPU
		{ECFF2934-2FC8-4F8B-AFA6-5E07614B33E9}.Debug|Any CPU.Build.0 = Debug|Any CPU
		{ECFF2934-2FC8-4F8B-AFA6-5E07614B33E9}.Release|Any CPU.ActiveCfg = Release|Any CPU
		{ECFF2934-2FC8-4F8B-AFA6-5E07614B33E9}.Release|Any CPU.Build.0 = Release|Any CPU
	EndGlobalSection
	GlobalSection(SolutionProperties) = preSolution
		HideSolutionNode = FALSE
	EndGlobalSection
	GlobalSection(ExtensibilityGlobals) = postSolution
		SolutionGuid = {BFAE3E70-E60A-4EA1-8F4F-05C89E488F25}
	EndGlobalSection
EndGlobal
